
Microsoft Visual Studio Solution File, Format Version 12.00
# Visual Studio Version 16
VisualStudioVersion = 16.0.28729.10
MinimumVisualStudioVersion = 10.0.40219.1
Project("{FAE04EC0-301F-11D3-BF4B-00C04F79EFBC}") = "DronTaxi", "DronTaxi\DronTaxi.csproj", "{AE9F9CF3-0ADF-4403-AC28-537AE9396F3D}"
EndProject
Project("{FAE04EC0-301F-11D3-BF4B-00C04F79EFBC}") = "DronTaxi.Shared", "DronTaxi.Shared\DronTaxi.Shared.csproj", "{1CC6FC21-DCDD-45C2-A95C-5D9B019656AA}"
EndProject
Global
	GlobalSection(SolutionConfigurationPlatforms) = preSolution
		Debug|Any CPU = Debug|Any CPU
		Release|Any CPU = Release|Any CPU
	EndGlobalSection
	GlobalSection(ProjectConfigurationPlatforms) = postSolution
		{AE9F9CF3-0ADF-4403-AC28-537AE9396F3D}.Debug|Any CPU.ActiveCfg = Debug|Any CPU
		{AE9F9CF3-0ADF-4403-AC28-537AE9396F3D}.Debug|Any CPU.Build.0 = Debug|Any CPU
		{AE9F9CF3-0ADF-4403-AC28-537AE9396F3D}.Release|Any CPU.ActiveCfg = Release|Any CPU
		{AE9F9CF3-0ADF-4403-AC28-537AE9396F3D}.Release|Any CPU.Build.0 = Release|Any CPU
		{1CC6FC21-DCDD-45C2-A95C-5D9B019656AA}.Debug|Any CPU.ActiveCfg = Debug|Any CPU
		{1CC6FC21-DCDD-45C2-A95C-5D9B019656AA}.Debug|Any CPU.Build.0 = Debug|Any CPU
		{1CC6FC21-DCDD-45C2-A95C-5D9B019656AA}.Release|Any CPU.ActiveCfg = Release|Any CPU
		{1CC6FC21-DCDD-45C2-A95C-5D9B019656AA}.Release|Any CPU.Build.0 = Release|Any CPU
	EndGlobalSection
	GlobalSection(SolutionProperties) = preSolution
		HideSolutionNode = FALSE
	EndGlobalSection
	GlobalSection(ExtensibilityGlobals) = postSolution
		SolutionGuid = {96B6E904-7806-4B7C-899E-89C5A4ABF1DA}
	EndGlobalSection
EndGlobal
